
Microsoft Visual Studio Solution File, Format Version 12.00
# Visual Studio Version 17
VisualStudioVersion = 17.8.34322.80
MinimumVisualStudioVersion = 10.0.40219.1
Project("{FAE04EC0-301F-11D3-BF4B-00C04F79EFBC}") = "PaymentAPI", "PaymentAPI\PaymentAPI.csproj", "{5A8F50ED-FBD2-4CE2-B5DA-D024C4CAA56A}"
EndProject
Global
	GlobalSection(SolutionConfigurationPlatforms) = preSolution
		Debug|Any CPU = Debug|Any CPU
		Release|Any CPU = Release|Any CPU
	EndGlobalSection
	GlobalSection(ProjectConfigurationPlatforms) = postSolution
		{5A8F50ED-FBD2-4CE2-B5DA-D024C4CAA56A}.Debug|Any CPU.ActiveCfg = Debug|Any CPU
		{5A8F50ED-FBD2-4CE2-B5DA-D024C4CAA56A}.Debug|Any CPU.Build.0 = Debug|Any CPU
		{5A8F50ED-FBD2-4CE2-B5DA-D024C4CAA56A}.Release|Any CPU.ActiveCfg = Release|Any CPU
		{5A8F50ED-FBD2-4CE2-B5DA-D024C4CAA56A}.Release|Any CPU.Build.0 = Release|Any CPU
	EndGlobalSection
	GlobalSection(SolutionProperties) = preSolution
		HideSolutionNode = FALSE
	EndGlobalSection
	GlobalSection(ExtensibilityGlobals) = postSolution
		SolutionGuid = {C296E01A-0E21-4D63-BA77-820D0CC92842}
	EndGlobalSection
EndGlobal
